
Microsoft Visual Studio Solution File, Format Version 12.00
# Visual Studio Version 17
VisualStudioVersion = 17.0.31903.59
MinimumVisualStudioVersion = 10.0.40219.1
Project("{FAE04EC0-301F-11D3-BF4B-00C04F79EFBC}") = "AdventOfCode.2022.Day4", "src\AdventOfCode.2022.Day4.csproj", "{AB520357-5E9B-425D-BA32-2B76FDF1ED81}"
EndProject
Global
	GlobalSection(SolutionConfigurationPlatforms) = preSolution
		Debug|Any CPU = Debug|Any CPU
		Release|Any CPU = Release|Any CPU
	EndGlobalSection
	GlobalSection(SolutionProperties) = preSolution
		HideSolutionNode = FALSE
	EndGlobalSection
	GlobalSection(ProjectConfigurationPlatforms) = postSolution
		{AB520357-5E9B-425D-BA32-2B76FDF1ED81}.Debug|Any CPU.ActiveCfg = Debug|Any CPU
		{AB520357-5E9B-425D-BA32-2B76FDF1ED81}.Debug|Any CPU.Build.0 = Debug|Any CPU
		{AB520357-5E9B-425D-BA32-2B76FDF1ED81}.Release|Any CPU.ActiveCfg = Release|Any CPU
		{AB520357-5E9B-425D-BA32-2B76FDF1ED81}.Release|Any CPU.Build.0 = Release|Any CPU
	EndGlobalSection
EndGlobal
