
Microsoft Visual Studio Solution File, Format Version 12.00
# Visual Studio Version 17
VisualStudioVersion = 17.0.31903.59
MinimumVisualStudioVersion = 10.0.40219.1
Project("{FAE04EC0-301F-11D3-BF4B-00C04F79EFBC}") = "AdventOfCode.2022.Day3", "src\AdventOfCode.2022.Day3.csproj", "{65BBAAB5-235E-4DD1-9E58-B20F5431E8C0}"
EndProject
Project("{FAE04EC0-301F-11D3-BF4B-00C04F79EFBC}") = "AdventOfCode.2022.Day3.UnitTests", "tests\AdventOfCode.2022.Day3.UnitTests\AdventOfCode.2022.Day3.UnitTests.csproj", "{D1F60A44-15E5-4104-9583-70294BFCF691}"
EndProject
Global
	GlobalSection(SolutionConfigurationPlatforms) = preSolution
		Debug|Any CPU = Debug|Any CPU
		Release|Any CPU = Release|Any CPU
	EndGlobalSection
	GlobalSection(SolutionProperties) = preSolution
		HideSolutionNode = FALSE
	EndGlobalSection
	GlobalSection(ProjectConfigurationPlatforms) = postSolution
		{65BBAAB5-235E-4DD1-9E58-B20F5431E8C0}.Debug|Any CPU.ActiveCfg = Debug|Any CPU
		{65BBAAB5-235E-4DD1-9E58-B20F5431E8C0}.Debug|Any CPU.Build.0 = Debug|Any CPU
		{65BBAAB5-235E-4DD1-9E58-B20F5431E8C0}.Release|Any CPU.ActiveCfg = Release|Any CPU
		{65BBAAB5-235E-4DD1-9E58-B20F5431E8C0}.Release|Any CPU.Build.0 = Release|Any CPU
		{D1F60A44-15E5-4104-9583-70294BFCF691}.Debug|Any CPU.ActiveCfg = Debug|Any CPU
		{D1F60A44-15E5-4104-9583-70294BFCF691}.Debug|Any CPU.Build.0 = Debug|Any CPU
		{D1F60A44-15E5-4104-9583-70294BFCF691}.Release|Any CPU.ActiveCfg = Release|Any CPU
		{D1F60A44-15E5-4104-9583-70294BFCF691}.Release|Any CPU.Build.0 = Release|Any CPU
	EndGlobalSection
EndGlobal
